
Microsoft Visual Studio Solution File, Format Version 12.00
# Visual Studio Version 17
VisualStudioVersion = 17.5.33627.172
MinimumVisualStudioVersion = 10.0.40219.1
Project("{FAE04EC0-301F-11D3-BF4B-00C04F79EFBC}") = "AirMaxRemoteTest", "AirMaxRemoteTest\AirMaxRemoteTest.csproj", "{37342AB8-231E-4F0B-BD82-196E2E11F23F}"
EndProject
Project("{FAE04EC0-301F-11D3-BF4B-00C04F79EFBC}") = "AirMaxRemoteTest.Tests", "AirMaxRemoteTest.Tests\AirMaxRemoteTest.Tests.csproj", "{C25B6EA8-E7A4-4264-9D3A-A27C709D6E04}"
EndProject
Global
	GlobalSection(SolutionConfigurationPlatforms) = preSolution
		Debug|Any CPU = Debug|Any CPU
		Release|Any CPU = Release|Any CPU
	EndGlobalSection
	GlobalSection(ProjectConfigurationPlatforms) = postSolution
		{37342AB8-231E-4F0B-BD82-196E2E11F23F}.Debug|Any CPU.ActiveCfg = Debug|Any CPU
		{37342AB8-231E-4F0B-BD82-196E2E11F23F}.Debug|Any CPU.Build.0 = Debug|Any CPU
		{37342AB8-231E-4F0B-BD82-196E2E11F23F}.Release|Any CPU.ActiveCfg = Release|Any CPU
		{37342AB8-231E-4F0B-BD82-196E2E11F23F}.Release|Any CPU.Build.0 = Release|Any CPU
		{C25B6EA8-E7A4-4264-9D3A-A27C709D6E04}.Debug|Any CPU.ActiveCfg = Debug|Any CPU
		{C25B6EA8-E7A4-4264-9D3A-A27C709D6E04}.Debug|Any CPU.Build.0 = Debug|Any CPU
		{C25B6EA8-E7A4-4264-9D3A-A27C709D6E04}.Release|Any CPU.ActiveCfg = Release|Any CPU
		{C25B6EA8-E7A4-4264-9D3A-A27C709D6E04}.Release|Any CPU.Build.0 = Release|Any CPU
	EndGlobalSection
	GlobalSection(SolutionProperties) = preSolution
		HideSolutionNode = FALSE
	EndGlobalSection
	GlobalSection(ExtensibilityGlobals) = postSolution
		SolutionGuid = {6851DE34-0F8C-4A1B-888B-3B413BD09D1E}
	EndGlobalSection
EndGlobal
